
Microsoft Visual Studio Solution File, Format Version 12.00
# Visual Studio Version 17
VisualStudioVersion = 17.3.32819.101
MinimumVisualStudioVersion = 10.0.40219.1
Project("{FAE04EC0-301F-11D3-BF4B-00C04F79EFBC}") = "MiniProjetBibliotheque", "MiniProjetBibliotheque\MiniProjetBibliotheque.csproj", "{4B39A52A-BCD4-477C-96B8-AE1A139FB197}"
EndProject
Global
	GlobalSection(SolutionConfigurationPlatforms) = preSolution
		Debug|Any CPU = Debug|Any CPU
		Release|Any CPU = Release|Any CPU
	EndGlobalSection
	GlobalSection(ProjectConfigurationPlatforms) = postSolution
		{4B39A52A-BCD4-477C-96B8-AE1A139FB197}.Debug|Any CPU.ActiveCfg = Debug|Any CPU
		{4B39A52A-BCD4-477C-96B8-AE1A139FB197}.Debug|Any CPU.Build.0 = Debug|Any CPU
		{4B39A52A-BCD4-477C-96B8-AE1A139FB197}.Release|Any CPU.ActiveCfg = Release|Any CPU
		{4B39A52A-BCD4-477C-96B8-AE1A139FB197}.Release|Any CPU.Build.0 = Release|Any CPU
	EndGlobalSection
	GlobalSection(SolutionProperties) = preSolution
		HideSolutionNode = FALSE
	EndGlobalSection
	GlobalSection(ExtensibilityGlobals) = postSolution
		SolutionGuid = {AB9B876E-D2A1-4625-AE16-B274469ADC13}
	EndGlobalSection
EndGlobal
